<Solution>
  <Folder Name="/Platform/" />
  <Folder Name="/Platform/src/">
    <Project Path="src/Fithub.Platform.API/Fithub.Platform.API.csproj" />
    <Project Path="src/Fithub.Platform.Domain/Fithub.Platform.Domain.csproj" />
    <Project Path="src/Fithub.Platform.Repositories/Fithub.Platform.Repositories.csproj" />
    <Project Path="src/Fithub.Platform.Service/Fithub.Platform.Services.csproj" />
  </Folder>
  <Folder Name="/Platform/test/">
    <Project Path="test/Fithub.Platform.API.Tests/Fithub.Platform.API.Tests.csproj" />
    <Project Path="test/Fithub.Platform.Repositories.Tests/Fithub.Platform.Repositories.Tests.csproj" />
    <Project Path="test/Fithub.Platform.Services.Tests/Fithub.Platform.Services.Tests.csproj" />
  </Folder>
  <Folder Name="/_common/">
    <Project Path="src/FitHub.Platform.Common.Domain/FitHub.Platform.Common.Domain.csproj" />
    <Project Path="src/FitHub.Platform.Common.Repository/FitHub.Platform.Common.Repository.csproj" />
    <Project Path="src/FitHub.Platform.Common.Service/FitHub.Platform.Common.Service.csproj" />
    <Project Path="src/FitHub.Platform.Common/FitHub.Platform.Common.csproj" />
  </Folder>
</Solution>
